{
  "name": "telepact-test",
  "version": "1.0.0",
  "lockfileVersion": 3,
  "requires": true,
  "packages": {
    "": {
      "name": "telepact-test",
      "version": "1.0.0",
      "workspaces": [
        "../../../lib/ts"
      ],
      "dependencies": {
        "nats": "^2.19.0",
        "simple-statistics": "^7.8.3",
        "telepact": "workspace:*"
      },
      "devDependencies": {
        "@types/node": "^20.11.17",
        "typescript": "^5.3.3"
      }
    },
    "../../../lib/ts": {
      "name": "telepact",
      "version": "1.0.0-alpha.1",
      "license": "Apache-2.0",
      "dependencies": {
        "@msgpack/msgpack": "^3.0.0-beta2",
        "crc-32": "^1.2.2",
        "msgpackr": "^1.10.1"
      },
      "devDependencies": {
        "@rollup/plugin-commonjs": "^28.0.2",
        "@rollup/plugin-json": "^6.1.0",
        "@rollup/plugin-node-resolve": "^16.0.0",
        "@rollup/plugin-typescript": "12.1.2",
        "@types/node": "^20.11.16",
        "@typescript-eslint/eslint-plugin": "^7.4.0",
        "@typescript-eslint/parser": "^7.4.0",
        "eslint": "^8.57.0",
        "rollup": "4.34.6",
        "tslib": "^2.8.1",
        "typescript": "^5.4.3",
        "typescript-eslint": "^7.4.0"
      }
    },
    "node_modules/@types/node": {
      "version": "20.17.24",
      "resolved": "https://registry.npmjs.org/@types/node/-/node-20.17.24.tgz",
      "integrity": "sha512-d7fGCyB96w9BnWQrOsJtpyiSaBcAYYr75bnK6ZRjDbql2cGLj/3GsL5OYmLPNq76l7Gf2q4Rv9J2o6h5CrD9sA==",
      "dev": true,
      "license": "MIT",
      "dependencies": {
        "undici-types": "~6.19.2"
      }
    },
    "node_modules/nats": {
      "version": "2.29.3",
      "resolved": "https://registry.npmjs.org/nats/-/nats-2.29.3.tgz",
      "integrity": "sha512-tOQCRCwC74DgBTk4pWZ9V45sk4d7peoE2njVprMRCBXrhJ5q5cYM7i6W+Uvw2qUrcfOSnuisrX7bEx3b3Wx4QA==",
      "license": "Apache-2.0",
      "dependencies": {
        "nkeys.js": "1.1.0"
      },
      "engines": {
        "node": ">= 14.0.0"
      }
    },
    "node_modules/nkeys.js": {
      "version": "1.1.0",
      "resolved": "https://registry.npmjs.org/nkeys.js/-/nkeys.js-1.1.0.tgz",
      "integrity": "sha512-tB/a0shZL5UZWSwsoeyqfTszONTt4k2YS0tuQioMOD180+MbombYVgzDUYHlx+gejYK6rgf08n/2Df99WY0Sxg==",
      "license": "Apache-2.0",
      "dependencies": {
        "tweetnacl": "1.0.3"
      },
      "engines": {
        "node": ">=10.0.0"
      }
    },
    "node_modules/simple-statistics": {
      "version": "7.8.8",
      "resolved": "https://registry.npmjs.org/simple-statistics/-/simple-statistics-7.8.8.tgz",
      "integrity": "sha512-CUtP0+uZbcbsFpqEyvNDYjJCl+612fNgjT8GaVuvMG7tBuJg8gXGpsP5M7X658zy0IcepWOZ6nPBu1Qb9ezA1w==",
      "license": "ISC",
      "engines": {
        "node": "*"
      }
    },
    "node_modules/telepact": {
      "resolved": "../../../lib/ts",
      "link": true
    },
    "node_modules/tweetnacl": {
      "version": "1.0.3",
      "resolved": "https://registry.npmjs.org/tweetnacl/-/tweetnacl-1.0.3.tgz",
      "integrity": "sha512-6rt+RN7aOi1nGMyC4Xa5DdYiukl2UWCbcJft7YhxReBGQD7OAM8Pbxw6YMo4r2diNEA8FEmu32YOn9rhaiE5yw==",
      "license": "Unlicense"
    },
    "node_modules/typescript": {
      "version": "5.8.2",
      "resolved": "https://registry.npmjs.org/typescript/-/typescript-5.8.2.tgz",
      "integrity": "sha512-aJn6wq13/afZp/jT9QZmwEjDqqvSGp1VT5GVg+f/t6/oVyrgXM6BY1h9BRh/O5p3PlUPAe+WuiEZOmb/49RqoQ==",
      "dev": true,
      "license": "Apache-2.0",
      "bin": {
        "tsc": "bin/tsc",
        "tsserver": "bin/tsserver"
      },
      "engines": {
        "node": ">=14.17"
      }
    },
    "node_modules/undici-types": {
      "version": "6.19.8",
      "resolved": "https://registry.npmjs.org/undici-types/-/undici-types-6.19.8.tgz",
      "integrity": "sha512-ve2KP6f/JnbPBFyobGHuerC9g1FYGn/F8n1LWTwNxCEzd6IfqTwUQcNXgEtmmQ6DlRrC1hrSrBnCZPokRrDHjw==",
      "dev": true,
      "license": "MIT"
    }
  }
}
