{
    "name": "jAPI",
    "lockfileVersion": 3,
    "requires": true,
    "packages": {
        "": {
            "dependencies": {
                "prettier-plugin-uapi": "file:tool/prettier-plugin-uapi/prettier-plugin-uapi-0.1.14.tgz"
            },
            "devDependencies": {
                "prettier": "3.2.5"
            }
        },
        "node_modules/@prettier/sync": {
            "version": "0.5.2",
            "resolved": "https://registry.npmjs.org/@prettier/sync/-/sync-0.5.2.tgz",
            "integrity": "sha512-Yb569su456XNx5BsH/Vyem7xD6g/y9iLmLUzRKM1a/dhU/D7HqqvkAG72znulXlMXztbV0iiu9O5AL8K98TzZQ==",
            "dependencies": {
                "make-synchronized": "^0.2.8"
            },
            "funding": {
                "url": "https://github.com/prettier/prettier-synchronized?sponsor=1"
            },
            "peerDependencies": {
                "prettier": "*"
            }
        },
        "node_modules/make-synchronized": {
            "version": "0.2.9",
            "resolved": "https://registry.npmjs.org/make-synchronized/-/make-synchronized-0.2.9.tgz",
            "integrity": "sha512-4wczOs8SLuEdpEvp3vGo83wh8rjJ78UsIk7DIX5fxdfmfMJGog4bQzxfvOwq7Q3yCHLC4jp1urPHIxRS/A93gA==",
            "funding": {
                "url": "https://github.com/fisker/make-synchronized?sponsor=1"
            }
        },
        "node_modules/prettier": {
            "version": "3.2.5",
            "resolved": "https://registry.npmjs.org/prettier/-/prettier-3.2.5.tgz",
            "integrity": "sha512-3/GWa9aOC0YeD7LUfvOG2NiDyhOWRvt1k+rcKhOuYnMY24iiCphgneUfJDyFXd6rZCAnuLBv6UeAULtrhT/F4A==",
            "bin": {
                "prettier": "bin/prettier.cjs"
            },
            "engines": {
                "node": ">=14"
            },
            "funding": {
                "url": "https://github.com/prettier/prettier?sponsor=1"
            }
        },
        "node_modules/prettier-plugin-uapi": {
            "version": "0.1.14",
            "resolved": "file:tool/prettier-plugin-uapi/prettier-plugin-uapi-0.1.14.tgz",
            "integrity": "sha512-2/Ob6LTd9sP9WCmViZOKjVF3VDfxBGJ28Zu8BXkc+VmxaVNFD4mLMd4p8uoHLCPLMAHPtKxDBsBOqbkz+svC/A==",
            "dependencies": {
                "@prettier/sync": "^0.5.1",
                "prettier": "^3.2.5"
            }
        }
    }
}
