{
    "_meta": {
        "hash": {
            "sha256": "9a8e0a3dd4966b887ee6045df06b53656644877e452701b440ff1d9fd6dfeec1"
        },
        "pipfile-spec": 6,
        "requires": {
            "python_full_version": "3.11.0",
            "python_version": "3.11"
        },
        "sources": [
            {
                "name": "pypi",
                "url": "https://pypi.org/simple",
                "verify_ssl": true
            }
        ]
    },
    "default": {
        "build": {
            "hashes": [
                "sha256:526263f4870c26f26c433545579475377b2b7588b6f1eac76a001e873ae3e19d",
                "sha256:75e10f767a433d9a86e50d83f418e83efc18ede923ee5ff7df93b6cb0306c5d4"
            ],
            "index": "pypi",
            "version": "==1.2.1"
        },
        "msgpack": {
            "hashes": [
                "sha256:013113f953a0fe664944348418a4c1227d50455dbfb99622275a9294d6933669",
                "sha256:032ced3b44e961944629d0393025db7a03d08c48f2b9e17ccd9fc9efa423aeaf",
                "sha256:03425af2a5eda14c6657a84478cb7c381b6512b43a1ae7e90bf8899fb16f53ea",
                "sha256:03d70cf865b5816b15c223bf6577e60fff1ef8454ed9fba62956793203580d26",
                "sha256:08b6711236ae207f6f35aa053892957024a43f9476425a0f764ce5948ad2f9f7",
                "sha256:1567a7a089cd2dabfdf667f9a555702cfdd6bacc95538e5376e0a0d3e1cfec13",
                "sha256:1b8e977eecf8da623f2d618ef6d91ccc7450e46b44fd91fc9171bbd33f8cd38c",
                "sha256:23425589809b96ad7d5d00e691ae3ab65c1f0934a817b69b244fc236236f3477",
                "sha256:2a6d891d65a76b9e31e6e9cf6eaef6481e445c7e78c357e7b5c2c422fcf57557",
                "sha256:368a6b29e04414c851ebc1e9605a01f3720aff7db32d022a22ae657bbdd470b9",
                "sha256:36bd1766a5344a7cf1cbf8d3569e24f7ee081a3595fedf15288a8bfec237c85e",
                "sha256:3955ac51841ebf5e0908f087cc878c83c208cd13b4a18e8c8cf575ffd746ad8f",
                "sha256:3a4698fe8974242fccd90e99dd71f963b23bb414d3c1f2bef4c6df662ff7627f",
                "sha256:3d80425e461f48bb7b193c87c13666722985dce7df1229c195076af5de55d64c",
                "sha256:429a520de955d34edc3561beeb5c7189d9c34730d1c2c24379f41aeaac3b6a47",
                "sha256:4ad0c5998680607efbec755d0ce20628abcf2b886613a63cc5c2c72293ef9920",
                "sha256:4c08e0d626ef3d1b4566adb40362e596936ebdd4c299c950ae1d0edb3e38d217",
                "sha256:4cb93da7000e456d5c3998a10a228262f0a9d8e7c7ee9c0e5d9b572e5e504f95",
                "sha256:57e45e59f6d45d9bdf4a5a19ae1dd3e151ab42a8dba4bc2aa5e8c4281c9d71d5",
                "sha256:5ba094a005c7d2bc3787e777b687f5584df8e96625f8221f819f0722b9341436",
                "sha256:620033ee62234c83ac4ab420d0bdcd0e751f145834997135a197cc865c02eb58",
                "sha256:631c8ce4f9b68b2f476343b86c68e59dbaa694678d3d893b60000377d3229ab8",
                "sha256:6570b5e0a006748b65f652462c872cab2d54648ff2b32e596875480558b81946",
                "sha256:6813dc453b2c6de59731f26d98f11e5e9e84f1c5167b36442a49ade7d98e6b37",
                "sha256:68dd76e1da2ee80917c7c972b80b372d8e9143780716cdb4c1d37e47a805950b",
                "sha256:6fc22491e5345199cf64c9c10f84821de891443553d36bf99de1dcf56de5cd81",
                "sha256:720a157e6406fed16eb0ec2e83d37bddd0c75245583dffa558b7a37545032078",
                "sha256:82e22e7c6a275a2fe89a3faa13d18fd8ffe7420fe68dc6b113ab7992b2c7570b",
                "sha256:82e3c7537eca97c2254b93ec8cca11e6e35dc15e1934923b4a9a3bf2ca2b5749",
                "sha256:851543a7d3f02f6f21976e5173e2f02e8a739b897cb63813bc559c908b6a2393",
                "sha256:8f1a310fa47cc34f4aaaf27f5ac2acc8e3744ca820251e482eea1c673965714c",
                "sha256:90fde137d98b3b8d96d43496e178f3a3721c203e9133d248cb2f04fabaabe4d3",
                "sha256:a1d3291999cc1af4b23d394b37a6dbf5a0a16da97e50c471008eb3a4ea95ea43",
                "sha256:a2eee0c0047cd3fd57468b975b38eb2b4110631790e701fd850e3c44e5d48548",
                "sha256:acc2f1f7ef4034dc027134e9bffa152ecd13f81b683dfc56b209dfa5e5db59a6",
                "sha256:ad44c26c195999b24117ad719dd0a8af30dff74daba9b23981f0b81a5cd4c08d",
                "sha256:aec097b46b2e2e47229a304379d9b9bfd57845c6e8c0ef078030fcd6f21e04fd",
                "sha256:b5846dc5bc9251c2af40dfca2c23522f53ee6c3a47d08cea74e7ed9627156e01",
                "sha256:b672459b47e1849f7a5638fab6e9e11665c196e1a94c285d9e6f83f9eeb94d25",
                "sha256:b6d3bf12fcd06dd79c4808cbb56161ce02de2527b601627f6119af444f86ddd2",
                "sha256:b893ec498067a2c03efe83d4f5b5593b04e48c32372aa0f08e2331eec6c54ae7",
                "sha256:ba255662d83f1f4f38cd0a77c409b488bf7bfd3036403c508f8325bd6ec8e085",
                "sha256:c5ea8b6b943dbc96522008a64875f0dae1bf2befa3ce265aeab8e6e51fb3f2ff",
                "sha256:c8c164fc1e2a76620eb36f931235549fb028fbc7c2aba6d8ad720ed11c9ea6bc",
                "sha256:c8d6779aaaa5bfacee74df1fc23aee68f9d445a1e9a9cc3942ca70d4b1fa5ddb",
                "sha256:d1b312cf09415acb1139efd6fc0ed68e652a45b9337b06604b734398fd174eaf",
                "sha256:d1e876357ce6e89808bf691d0cda96e6920d7a640955e4966b998325903faa2c",
                "sha256:d433f2b6ce9ba932ccc9b7e9b122937245c9f47e8724e3867377350e66884128",
                "sha256:d5d09fe0b1333464d6cda6a53bc9e67a224576ea14424cae63ee1211eeedfd97",
                "sha256:d9c164c61cb6f763bb67049b101ea9434936249d5b1d6ff79a0da360ee75e84a",
                "sha256:db07d22aebd65ea2734dff4b72a85831382ddeb5f1f0c3332f2c05473eb041db",
                "sha256:e53bdb1469a105a7f23aa8bb84eed8447759ae6b1268ef8212a6b016846ba8a7",
                "sha256:f066f14cf1b63f173a764ab563fa338654bc6ae87aace1ebcf5fc68e367f18ca",
                "sha256:f5caa3b3b0243516af8e2385746991fddd29d6b7adbfe217e21d8d2fac3101ac",
                "sha256:f5e4988a4019eda86c2caa5d34f0afbf24e4015fcbeeab4c88325ee26e4ff6d8",
                "sha256:fa31dc354402c40c36bcc1fc5cfc42020a7c580b266e1076a8c23eb6dce0c7ab"
            ],
            "index": "pypi",
            "version": "==1.1.0rc1"
        },
        "nats-py": {
            "hashes": [
                "sha256:0c97b4a57bed0ef1ff9ae6c19bc115ec7ca8ede5ab3e001fd00a377056a547cf"
            ],
            "index": "pypi",
            "version": "==2.7.2"
        },
        "packaging": {
            "hashes": [
                "sha256:026ed72c8ed3fcce5bf8950572258698927fd1dbda10a5e981cdf0ac37f4f002",
                "sha256:5b8f2217dbdbd2f7f384c41c628544e6d52f2d0f53c6d0c3ea61aa5d1d7ff124"
            ],
            "markers": "python_version >= '3.8'",
            "version": "==24.1"
        },
        "prometheus-client": {
            "hashes": [
                "sha256:287629d00b147a32dcb2be0b9df905da599b2d82f80377083ec8463309a4bb89",
                "sha256:cde524a85bce83ca359cc837f28b8c0db5cac7aa653a588fd7e84ba061c329e7"
            ],
            "index": "pypi",
            "version": "==0.20.0"
        },
        "pyproject-hooks": {
            "hashes": [
                "sha256:4b37730834edbd6bd37f26ece6b44802fb1c1ee2ece0e54ddff8bfc06db86965",
                "sha256:7ceeefe9aec63a1064c18d939bdc3adf2d8aa1988a510afec15151578b232aa2"
            ],
            "markers": "python_version >= '3.7'",
            "version": "==1.1.0"
        },
        "uapi": {
            "hashes": [
                "sha256:9a8675bdbae2651b525269634fee9bc8f6fa8c344f8f030985d98ce650df0fa8"
            ],
            "path": "./../../../lib/py/dist/uapi-0.0.1-py3-none-any.whl",
            "version": "==0.0.1"
        }
    },
    "develop": {}
}
