{
    "_meta": {
        "hash": {
            "sha256": "9a8e0a3dd4966b887ee6045df06b53656644877e452701b440ff1d9fd6dfeec1"
        },
        "pipfile-spec": 6,
        "requires": {
            "python_full_version": "3.11.0",
            "python_version": "3.11"
        },
        "sources": [
            {
                "name": "pypi",
                "url": "https://pypi.org/simple",
                "verify_ssl": true
            }
        ]
    },
    "default": {
        "build": {
            "hashes": [
                "sha256:119b2fb462adef986483438377a13b2f42064a2a3a4161f24a0cca698a07ac8c",
                "sha256:277ccc71619d98afdd841a0e96ac9fe1593b823af481d3b0cea748e8894e0613"
            ],
            "index": "pypi",
            "version": "==1.2.2"
        },
        "msgpack": {
            "hashes": [
                "sha256:0542acc95d9585992aac2e059c4be1088cbc1e93e5789da917151f0dececd118",
                "sha256:05a838766ea3beaa0daf7d8577437dfeff65075dbaedd148c05ae536e160d576",
                "sha256:07d227bc06b67ca921625cf34c2ef4858626169a583ba486f82de7e0836544ed",
                "sha256:092382ba66cc71be27b08d4b064f4e577187e3033479240317bf92a14384a65f",
                "sha256:0eaaaf47f5c305346825261d2aa82a81089c5536f481fcbb2d0cd40d232ebc39",
                "sha256:164a98033f225b002fc556bc201a12824d3ac854ad1ca43a3ad9710aef556a9e",
                "sha256:189bd35b5fb4d87037e9e17f26ae07356fa619400ac2f52a7275aa7a63786ad6",
                "sha256:1dd757ac999a226da890a51570eb9c8a4ac8ddf62cbe15a41a92eda28e40a702",
                "sha256:1ebf3827062ca595ecf037a811d901fd8243c508ce9017e693c2018b635a9fd5",
                "sha256:238991736823391e093cb4b4336af6f28050a0326941ad0606ae16b7657f17e7",
                "sha256:27ba76ac49cf98bd18586dea7eb74d23d5e02c7adfbfdcedef8d1b22d4e6ca47",
                "sha256:2efea720cd72b51e8c6952117d1af0724f81f8cc5ad6a20c7e1a24e74db1bd38",
                "sha256:32f3789abe3c5e8cdd656b04ca53dde20575208dd04424d6e1b89a734d89ca9a",
                "sha256:3861c5c7fb9373556abd6fcefa48ddb10cd85f7e64a826050be1a315ecb504bf",
                "sha256:3b3f776c324a224c8bf457f16a0dad99d8948ef52f30f45b96a7140ff2d5de34",
                "sha256:3eb1c1bea7c84d8f2ae0484a4035a79878e03498153e0cba6585f53c49227d85",
                "sha256:4005a05f487e6e352b2cba24e7047fb572550b4625dc14b195289625569a1dc5",
                "sha256:40e22af1d34c9f5ee42c777c143ed9d402d5e309a80a3ed4a8244ccfba519815",
                "sha256:4ab5b38f1b4349e89bfbcfef6ef3010d42060a5be7eb1511b230295ffa4574c5",
                "sha256:4d6ac32c66f1eb29f319eb9885c0186cc272bf0c68817f2202a5fd73c4b1d966",
                "sha256:50725ae3f8c62a6c428a2d25dd615a710a3615ba5169bd28346213e083c6bc83",
                "sha256:5f0816442d299f9450bcac0a86e0fe33e066bab8607a8721c85e8ae35dc517d7",
                "sha256:629250fa88f5ea5876c734ade7221d996e9c18582bbd9792e3d7328f17ddc3eb",
                "sha256:64a1274ac484a31afc7befbf2127ebbc35acc5905326d2ae933cc0979b25e194",
                "sha256:65599708596d54daa947975556a1708b95d66bf705ab1aef6e06705459975163",
                "sha256:6c671483eb2746c303b0916522b7a0c8cc2301b1aa662a62450ffc651b9a29f9",
                "sha256:6d2daf19f95963c80a6c80af50d9eab2b797963f9bfa488e011c59e45e505ba9",
                "sha256:6f4368bb625b03665e667e1746eb9773021b8ef5acc05154d235794e26142b0a",
                "sha256:74cd95ff95cf88b8a6a044f0dac6845f08f697219a41bffdf59be04886c1e949",
                "sha256:79d4cee7c27145b0ad7d9512a41d6dd00e87950fa9b4912832e22119f6d3d2a1",
                "sha256:7a04a41c8c6d8d60ffa66d2381f3b181da7f8fbaafc831cdfd8eb1adf34a767a",
                "sha256:7c636c42ef5370ff63da23b64cbcde3c53e8108f066548b7bee3a72b6679ce3a",
                "sha256:7db5b746cbbbd7a2edba3a34e9e24d3fdb7027547b1977c8210b324e2a307856",
                "sha256:7dbb1a807ec05f7a15d2dfe1be3a50c75638ff987cd30579318629e08b5ac7f5",
                "sha256:7eca022434f83f522283b00d1595e21ea252d96e76592ce78173d95c57688fda",
                "sha256:82141e3f91e34b79c3726a99f62b7b319d88c1739e30c20867d35b7fa0de6413",
                "sha256:82890d5ed532bf091a2b45cd6213b97240a229525f4d5ac24cef2631e48d90a1",
                "sha256:83d82af10ac6c9a59a6fcce74cb0acc756d3ec7b452026b474d0a56827691ff5",
                "sha256:92effc7b064dda7416e20f972d83c703febc052173d9d96bcca01efbcde8f2f0",
                "sha256:96c8fa2c0e4c36e09bc8201a25bfb70f74acd575498847735add349b7789a18e",
                "sha256:99334a81468c5471860a99b2d003dbd0f01a28e68eeef78432f38b7b8e5a2a57",
                "sha256:9e3a084812efad2bb9594b87a142d8286cde50e1b65c59a723a5711c389d85b9",
                "sha256:a62e265db275bf8e7bfad2ba30d3f246b7f36dd677b24582ea4b318fd0440cef",
                "sha256:a8dc3a5c14e0df9e86ce65e98a4750cbf68a43f60044fb3e27d78082e7a3e805",
                "sha256:aa53befe9db4cec060b088fdcf4670ae11dc5b9f4a547a817e13d140ddb98e2c",
                "sha256:ade53a6e3c7c7955c1a72861f0c08069f10027b80988d9cf50f79ad672d6a33e",
                "sha256:b54a5961bf3b893c4b98aea8aee4355f1a722555f9fd79146bab3fed812784f3",
                "sha256:c3e9a0ca0c95d8e0ed0d4c283b67bfb720f8cae6ee2d943cd7d903722c9e9df7",
                "sha256:cb15d88c3e4d46f7afcb5c35d86dff993f16ac1f97120316e8c3a6255deb472b",
                "sha256:d6d41c13a08d66df56fd8df38c2c4ba9a83fa7c8f6c36f5bd7575b4b37ed8c50",
                "sha256:d7e4d9ddc737826108cd74b9a943585c2b5e040c4b33748f46b030b597e01f88",
                "sha256:d7f0ea24bce3216e7eea820fb4f930badef6d2bda3cb983374cf1a78d8fc4dc4",
                "sha256:d9de99f596ee0f4d10321c4064962a465b9fb061d75a5fa0618e19fc68a39936",
                "sha256:e04b4690f5c8c2647c0ee4538b02c3730cac76f55fda736a62c63dacd11ed285",
                "sha256:e24dc3d714bd36133918319efa8b076699cd780820aa29108d23a885ba89b50f",
                "sha256:e2e941f4c98ebc2ca6224ee291e9f18520871de053e39687d93c0e4e79ffeeed",
                "sha256:e4673fea17360c58cb40ab2218342506845fb00876fcca3027ed7ebbaf42de66",
                "sha256:e973f81b2bee648a2c8b7175b017cc696f85ffe6a4dc0c84aa2c7d1f5afe6330",
                "sha256:f41cfd25e49dee5c185eac60c0a5cd8de0b998687aa847042809ebb12e659d9b",
                "sha256:f634b4e753bed60aed90feeaae6d20e0b9a4997287486a554edce8295ff43620",
                "sha256:f88b8a1d9da3f78dc7ba623195d8c14960cb37357862fdc6076c979edbca7010",
                "sha256:fbd6ac03b7f0a64fc60ada07a9c8b768d94ec7f7fa446000a8d048871a54cfef",
                "sha256:fed1eb236702be26e6b6f7b45b16f77b60e89b4f2a1fb42dd82e0155c349b638",
                "sha256:ffca2b126eaf7c282dedc23553bf41b0f4adbc1590279385c8823e1604acee0a"
            ],
            "index": "pypi",
            "version": "==1.1.0rc2"
        },
        "nats-py": {
            "hashes": [
                "sha256:01886eb9e0a87f0ec630652cf1fae65d2a8556378a609bc6cc07d2ea60c8d0dd"
            ],
            "index": "pypi",
            "version": "==2.9.0"
        },
        "packaging": {
            "hashes": [
                "sha256:026ed72c8ed3fcce5bf8950572258698927fd1dbda10a5e981cdf0ac37f4f002",
                "sha256:5b8f2217dbdbd2f7f384c41c628544e6d52f2d0f53c6d0c3ea61aa5d1d7ff124"
            ],
            "markers": "python_version >= '3.8'",
            "version": "==24.1"
        },
        "prometheus-client": {
            "hashes": [
                "sha256:287629d00b147a32dcb2be0b9df905da599b2d82f80377083ec8463309a4bb89",
                "sha256:cde524a85bce83ca359cc837f28b8c0db5cac7aa653a588fd7e84ba061c329e7"
            ],
            "index": "pypi",
            "version": "==0.20.0"
        },
        "pyproject-hooks": {
            "hashes": [
                "sha256:4b37730834edbd6bd37f26ece6b44802fb1c1ee2ece0e54ddff8bfc06db86965",
                "sha256:7ceeefe9aec63a1064c18d939bdc3adf2d8aa1988a510afec15151578b232aa2"
            ],
            "markers": "python_version >= '3.7'",
            "version": "==1.1.0"
        },
        "uapi": {
            "hashes": [
                "sha256:f0905013541b650883997edc39cee06986404bd1df7efe5d7d25cd8d19a0f114"
            ],
            "path": "./../../../lib/py/dist/uapi-0.0.1-py3-none-any.whl",
            "version": "==0.0.1"
        }
    },
    "develop": {}
}
