{
  "name": "ts",
  "version": "1.0.0",
  "lockfileVersion": 3,
  "requires": true,
  "packages": {
    "": {
      "name": "ts",
      "version": "1.0.0",
      "dependencies": {
        "uapi": "file:../../../lib/ts"
      },
      "devDependencies": {
        "typescript": "^5.3.3"
      }
    },
    "../../../lib/ts": {
      "version": "1.0.0",
      "dependencies": {
        "@msgpack/msgpack": "^3.0.0-beta2",
        "crc-32": "^1.2.2",
        "msgpackr": "^1.10.1"
      },
      "devDependencies": {
        "@types/node": "^20.11.16",
        "typescript": "^5.3.3"
      }
    },
    "node_modules/typescript": {
      "version": "5.3.3",
      "resolved": "https://registry.npmjs.org/typescript/-/typescript-5.3.3.tgz",
      "integrity": "sha512-pXWcraxM0uxAS+tN0AG/BF2TyqmHO014Z070UsJ+pFvYuRSq8KH8DmWpnbXe0pEPDHXZV3FcAbJkijJ5oNEnWw==",
      "dev": true,
      "bin": {
        "tsc": "bin/tsc",
        "tsserver": "bin/tsserver"
      },
      "engines": {
        "node": ">=14.17"
      }
    },
    "node_modules/uapi": {
      "resolved": "../../../lib/ts",
      "link": true
    }
  }
}
