{
  "name": "ts",
  "version": "1.0.0",
  "lockfileVersion": 3,
  "requires": true,
  "packages": {
    "": {
      "name": "ts",
      "version": "1.0.0",
      "workspaces": [
        "../../../lib/ts"
      ],
      "dependencies": {
        "nats": "^2.19.0",
        "simple-statistics": "^7.8.3",
        "uapi": "workspace:*"
      },
      "devDependencies": {
        "@types/node": "^20.11.17",
        "typescript": "^5.3.3"
      }
    },
    "../../../lib/ts": {
      "name": "uapi",
      "version": "0.0.18",
      "license": "Apache-2.0",
      "dependencies": {
        "@msgpack/msgpack": "^3.0.0-beta2",
        "crc-32": "^1.2.2",
        "msgpackr": "^1.10.1"
      },
      "devDependencies": {
        "@rollup/plugin-commonjs": "^28.0.2",
        "@rollup/plugin-json": "^6.1.0",
        "@rollup/plugin-node-resolve": "^16.0.0",
        "@rollup/plugin-typescript": "12.1.2",
        "@types/node": "^20.11.16",
        "@typescript-eslint/eslint-plugin": "^7.4.0",
        "@typescript-eslint/parser": "^7.4.0",
        "eslint": "^8.57.0",
        "rollup": "4.34.6",
        "tslib": "^2.8.1",
        "typescript": "^5.4.3",
        "typescript-eslint": "^7.4.0"
      }
    },
    "node_modules/@types/node": {
      "version": "20.11.17",
      "dev": true,
      "license": "MIT",
      "dependencies": {
        "undici-types": "~5.26.4"
      }
    },
    "node_modules/nats": {
      "version": "2.19.0",
      "license": "Apache-2.0",
      "dependencies": {
        "nkeys.js": "1.0.5"
      },
      "engines": {
        "node": ">= 14.0.0"
      }
    },
    "node_modules/nkeys.js": {
      "version": "1.0.5",
      "license": "Apache-2.0",
      "dependencies": {
        "tweetnacl": "1.0.3"
      },
      "engines": {
        "node": ">=10.0.0"
      }
    },
    "node_modules/simple-statistics": {
      "version": "7.8.3",
      "license": "ISC",
      "engines": {
        "node": "*"
      }
    },
    "node_modules/tweetnacl": {
      "version": "1.0.3",
      "license": "Unlicense"
    },
    "node_modules/typescript": {
      "version": "5.3.3",
      "dev": true,
      "license": "Apache-2.0",
      "bin": {
        "tsc": "bin/tsc",
        "tsserver": "bin/tsserver"
      },
      "engines": {
        "node": ">=14.17"
      }
    },
    "node_modules/uapi": {
      "resolved": "../../../lib/ts",
      "link": true
    },
    "node_modules/undici-types": {
      "version": "5.26.5",
      "dev": true,
      "license": "MIT"
    }
  }
}
